// !$*UTF8*$!
{
	archiveVersion = 1;
	classes = {
	};
	objectVersion = 77;
	objects = {

/* Begin PBXBuildFile section */
		408AD3FC2DC9F5BC00A18DB6 /* RealityKitContent in Frameworks */ = {isa = PBXBuildFile; productRef = 408AD3FB2DC9F5BC00A18DB6 /* RealityKitContent */; };
/* End PBXBuildFile section */

/* Begin PBXContainerItemProxy section */
		408AD4092DC9F5BE00A18DB6 /* PBXContainerItemProxy */ = {
			isa = PBXContainerItemProxy;
			containerPortal = 408AD3EE2DC9F5BC00A18DB6 /* Project object */;
			proxyType = 1;
			remoteGlobalIDString = 408AD3F52DC9F5BC00A18DB6;
			remoteInfo = mindscapesvr;
		};
/* End PBXContainerItemProxy section */

/* Begin PBXFileReference section */
		408AD3F62DC9F5BC00A18DB6 /* mindscapesvr.app */ = {isa = PBXFileReference; explicitFileType = wrapper.application; includeInIndex = 0; path = mindscapesvr.app; sourceTree = BUILT_PRODUCTS_DIR; };
		408AD3FA2DC9F5BC00A18DB6 /* RealityKitContent */ = {isa = PBXFileReference; lastKnownFileType = wrapper; path = RealityKitContent; sourceTree = "<group>"; };
		408AD4082DC9F5BE00A18DB6 /* mindscapesvrTests.xctest */ = {isa = PBXFileReference; explicitFileType = wrapper.cfbundle; includeInIndex = 0; path = mindscapesvrTests.xctest; sourceTree = BUILT_PRODUCTS_DIR; };
/* End PBXFileReference section */

/* Begin PBXFileSystemSynchronizedBuildFileExceptionSet section */
		408AD40E2DC9F5BE00A18DB6 /* Exceptions for "mindscapesvr" folder in "mindscapesvr" target */ = {
			isa = PBXFileSystemSynchronizedBuildFileExceptionSet;
			membershipExceptions = (
				Info.plist,
			);
			target = 408AD3F52DC9F5BC00A18DB6 /* mindscapesvr */;
		};
/* End PBXFileSystemSynchronizedBuildFileExceptionSet section */

/* Begin PBXFileSystemSynchronizedRootGroup section */
		408AD3F82DC9F5BC00A18DB6 /* mindscapesvr */ = {
			isa = PBXFileSystemSynchronizedRootGroup;
			exceptions = (
				408AD40E2DC9F5BE00A18DB6 /* Exceptions for "mindscapesvr" folder in "mindscapesvr" target */,
			);
			path = mindscapesvr;
			sourceTree = "<group>";
		};
		408AD40B2DC9F5BE00A18DB6 /* mindscapesvrTests */ = {
			isa = PBXFileSystemSynchronizedRootGroup;
			path = mindscapesvrTests;
			sourceTree = "<group>";
		};
/* End PBXFileSystemSynchronizedRootGroup section */

/* Begin PBXFrameworksBuildPhase section */
		408AD3F32DC9F5BC00A18DB6 /* Frameworks */ = {
			isa = PBXFrameworksBuildPhase;
			buildActionMask = 2147483647;
			files = (
				408AD3FC2DC9F5BC00A18DB6 /* RealityKitContent in Frameworks */,
			);
			runOnlyForDeploymentPostprocessing = 0;
		};
		408AD4052DC9F5BE00A18DB6 /* Frameworks */ = {
			isa = PBXFrameworksBuildPhase;
			buildActionMask = 2147483647;
			files = (
			);
			runOnlyForDeploymentPostprocessing = 0;
		};
/* End PBXFrameworksBuildPhase section */

/* Begin PBXGroup section */
		408AD3ED2DC9F5BC00A18DB6 = {
			isa = PBXGroup;
			children = (
				408AD3F82DC9F5BC00A18DB6 /* mindscapesvr */,
				408AD3F92DC9F5BC00A18DB6 /* Packages */,
				408AD40B2DC9F5BE00A18DB6 /* mindscapesvrTests */,
				408AD3F72DC9F5BC00A18DB6 /* Products */,
			);
			sourceTree = "<group>";
		};
		408AD3F72DC9F5BC00A18DB6 /* Products */ = {
			isa = PBXGroup;
			children = (
				408AD3F62DC9F5BC00A18DB6 /* mindscapesvr.app */,
				408AD4082DC9F5BE00A18DB6 /* mindscapesvrTests.xctest */,
			);
			name = Products;
			sourceTree = "<group>";
		};
		408AD3F92DC9F5BC00A18DB6 /* Packages */ = {
			isa = PBXGroup;
			children = (
				408AD3FA2DC9F5BC00A18DB6 /* RealityKitContent */,
			);
			path = Packages;
			sourceTree = "<group>";
		};
/* End PBXGroup section */

/* Begin PBXNativeTarget section */
		408AD3F52DC9F5BC00A18DB6 /* mindscapesvr */ = {
			isa = PBXNativeTarget;
			buildConfigurationList = 408AD40F2DC9F5BE00A18DB6 /* Build configuration list for PBXNativeTarget "mindscapesvr" */;
			buildPhases = (
				408AD3F22DC9F5BC00A18DB6 /* Sources */,
				408AD3F32DC9F5BC00A18DB6 /* Frameworks */,
				408AD3F42DC9F5BC00A18DB6 /* Resources */,
			);
			buildRules = (
			);
			dependencies = (
			);
			fileSystemSynchronizedGroups = (
				408AD3F82DC9F5BC00A18DB6 /* mindscapesvr */,
			);
			name = mindscapesvr;
			packageProductDependencies = (
				408AD3FB2DC9F5BC00A18DB6 /* RealityKitContent */,
			);
			productName = mindscapesvr;
			productReference = 408AD3F62DC9F5BC00A18DB6 /* mindscapesvr.app */;
			productType = "com.apple.product-type.application";
		};
		408AD4072DC9F5BE00A18DB6 /* mindscapesvrTests */ = {
			isa = PBXNativeTarget;
			buildConfigurationList = 408AD4142DC9F5BE00A18DB6 /* Build configuration list for PBXNativeTarget "mindscapesvrTests" */;
			buildPhases = (
				408AD4042DC9F5BE00A18DB6 /* Sources */,
				408AD4052DC9F5BE00A18DB6 /* Frameworks */,
				408AD4062DC9F5BE00A18DB6 /* Resources */,
			);
			buildRules = (
			);
			dependencies = (
				408AD40A2DC9F5BE00A18DB6 /* PBXTargetDependency */,
			);
			fileSystemSynchronizedGroups = (
				408AD40B2DC9F5BE00A18DB6 /* mindscapesvrTests */,
			);
			name = mindscapesvrTests;
			packageProductDependencies = (
			);
			productName = mindscapesvrTests;
			productReference = 408AD4082DC9F5BE00A18DB6 /* mindscapesvrTests.xctest */;
			productType = "com.apple.product-type.bundle.unit-test";
		};
/* End PBXNativeTarget section */

/* Begin PBXProject section */
		408AD3EE2DC9F5BC00A18DB6 /* Project object */ = {
			isa = PBXProject;
			attributes = {
				BuildIndependentTargetsInParallel = 1;
				LastSwiftUpdateCheck = 1630;
				LastUpgradeCheck = 1630;
				TargetAttributes = {
					408AD3F52DC9F5BC00A18DB6 = {
						CreatedOnToolsVersion = 16.3;
					};
					408AD4072DC9F5BE00A18DB6 = {
						CreatedOnToolsVersion = 16.3;
						TestTargetID = 408AD3F52DC9F5BC00A18DB6;
					};
				};
			};
			buildConfigurationList = 408AD3F12DC9F5BC00A18DB6 /* Build configuration list for PBXProject "mindscapesvr" */;
			developmentRegion = en;
			hasScannedForEncodings = 0;
			knownRegions = (
				en,
				Base,
			);
			mainGroup = 408AD3ED2DC9F5BC00A18DB6;
			minimizedProjectReferenceProxies = 1;
			preferredProjectObjectVersion = 77;
			productRefGroup = 408AD3F72DC9F5BC00A18DB6 /* Products */;
			projectDirPath = "";
			projectRoot = "";
			targets = (
				408AD3F52DC9F5BC00A18DB6 /* mindscapesvr */,
				408AD4072DC9F5BE00A18DB6 /* mindscapesvrTests */,
			);
		};
/* End PBXProject section */

/* Begin PBXResourcesBuildPhase section */
		408AD3F42DC9F5BC00A18DB6 /* Resources */ = {
			isa = PBXResourcesBuildPhase;
			buildActionMask = 2147483647;
			files = (
			);
			runOnlyForDeploymentPostprocessing = 0;
		};
		408AD4062DC9F5BE00A18DB6 /* Resources */ = {
			isa = PBXResourcesBuildPhase;
			buildActionMask = 2147483647;
			files = (
			);
			runOnlyForDeploymentPostprocessing = 0;
		};
/* End PBXResourcesBuildPhase section */

/* Begin PBXSourcesBuildPhase section */
		408AD3F22DC9F5BC00A18DB6 /* Sources */ = {
			isa = PBXSourcesBuildPhase;
			buildActionMask = 2147483647;
			files = (
			);
			runOnlyForDeploymentPostprocessing = 0;
		};
		408AD4042DC9F5BE00A18DB6 /* Sources */ = {
			isa = PBXSourcesBuildPhase;
			buildActionMask = 2147483647;
			files = (
			);
			runOnlyForDeploymentPostprocessing = 0;
		};
/* End PBXSourcesBuildPhase section */

/* Begin PBXTargetDependency section */
		408AD40A2DC9F5BE00A18DB6 /* PBXTargetDependency */ = {
			isa = PBXTargetDependency;
			target = 408AD3F52DC9F5BC00A18DB6 /* mindscapesvr */;
			targetProxy = 408AD4092DC9F5BE00A18DB6 /* PBXContainerItemProxy */;
		};
/* End PBXTargetDependency section */

/* Begin XCBuildConfiguration section */
		408AD4102DC9F5BE00A18DB6 /* Debug */ = {
			isa = XCBuildConfiguration;
			buildSettings = {
				ASSETCATALOG_COMPILER_APPICON_NAME = AppIcon;
				ASSETCATALOG_COMPILER_GLOBAL_ACCENT_COLOR_NAME = AccentColor;
				CODE_SIGN_STYLE = Automatic;
				CURRENT_PROJECT_VERSION = 1;
				DEVELOPMENT_TEAM = US3S32SMV3;
				ENABLE_PREVIEWS = YES;
				GENERATE_INFOPLIST_FILE = YES;
				INFOPLIST_FILE = "$(TARGET_NAME)/Info.plist";
				LD_RUNPATH_SEARCH_PATHS = (
					"$(inherited)",
					"@executable_path/Frameworks",
				);
				MARKETING_VERSION = 1.0;
				PRODUCT_BUNDLE_IDENTIFIER = com.kanunigames.mindscapesvr;
				PRODUCT_NAME = "$(TARGET_NAME)";
				SUPPORTED_PLATFORMS = "xros xrsimulator";
				SWIFT_EMIT_LOC_STRINGS = YES;
				SWIFT_VERSION = 5.0;
				TARGETED_DEVICE_FAMILY = 7;
			};
			name = Debug;
		};
		408AD4112DC9F5BE00A18DB6 /* Release */ = {
			isa = XCBuildConfiguration;
			buildSettings = {
				ASSETCATALOG_COMPILER_APPICON_NAME = AppIcon;
				ASSETCATALOG_COMPILER_GLOBAL_ACCENT_COLOR_NAME = AccentColor;
				CODE_SIGN_STYLE = Automatic;
				CURRENT_PROJECT_VERSION = 1;
				DEVELOPMENT_TEAM = US3S32SMV3;
				ENABLE_PREVIEWS = YES;
				GENERATE_INFOPLIST_FILE = YES;
				INFOPLIST_FILE = "$(TARGET_NAME)/Info.plist";
				LD_RUNPATH_SEARCH_PATHS = (
					"$(inherited)",
					"@executable_path/Frameworks",
				);
				MARKETING_VERSION = 1.0;
				PRODUCT_BUNDLE_IDENTIFIER = com.kanunigames.mindscapesvr;
				PRODUCT_NAME = "$(TARGET_NAME)";
				SUPPORTED_PLATFORMS = "xros xrsimulator";
				SWIFT_EMIT_LOC_STRINGS = YES;
				SWIFT_VERSION = 5.0;
				TARGETED_DEVICE_FAMILY = 7;
			};
			name = Release;
		};
		408AD4122DC9F5BE00A18DB6 /* Debug */ = {
			isa = XCBuildConfiguration;
			buildSettings = {
				ALWAYS_SEARCH_USER_PATHS = NO;
				ASSETCATALOG_COMPILER_GENERATE_SWIFT_ASSET_SYMBOL_EXTENSIONS = YES;
				CLANG_ANALYZER_NONNULL = YES;
				CLANG_ANALYZER_NUMBER_OBJECT_CONVERSION = YES_AGGRESSIVE;
				CLANG_CXX_LANGUAGE_STANDARD = "gnu++20";
				CLANG_ENABLE_MODULES = YES;
				CLANG_ENABLE_OBJC_ARC = YES;
				CLANG_ENABLE_OBJC_WEAK = YES;
				CLANG_WARN_BLOCK_CAPTURE_AUTORELEASING = YES;
				CLANG_WARN_BOOL_CONVERSION = YES;
				CLANG_WARN_COMMA = YES;
				CLANG_WARN_CONSTANT_CONVERSION = YES;
				CLANG_WARN_DEPRECATED_OBJC_IMPLEMENTATIONS = YES;
				CLANG_WARN_DIRECT_OBJC_ISA_USAGE = YES_ERROR;
				CLANG_WARN_DOCUMENTATION_COMMENTS = YES;
				CLANG_WARN_EMPTY_BODY = YES;
				CLANG_WARN_ENUM_CONVERSION = YES;
				CLANG_WARN_INFINITE_RECURSION = YES;
				CLANG_WARN_INT_CONVERSION = YES;
				CLANG_WARN_NON_LITERAL_NULL_CONVERSION = YES;
				CLANG_WARN_OBJC_IMPLICIT_RETAIN_SELF = YES;
				CLANG_WARN_OBJC_LITERAL_CONVERSION = YES;
				CLANG_WARN_OBJC_ROOT_CLASS = YES_ERROR;
				CLANG_WARN_QUOTED_INCLUDE_IN_FRAMEWORK_HEADER = YES;
				CLANG_WARN_RANGE_LOOP_ANALYSIS = YES;
				CLANG_WARN_STRICT_PROTOTYPES = YES;
				CLANG_WARN_SUSPICIOUS_MOVE = YES;
				CLANG_WARN_UNGUARDED_AVAILABILITY = YES_AGGRESSIVE;
				CLANG_WARN_UNREACHABLE_CODE = YES;
				CLANG_WARN__DUPLICATE_METHOD_MATCH = YES;
				COPY_PHASE_STRIP = NO;
				DEBUG_INFORMATION_FORMAT = dwarf;
				DEVELOPMENT_TEAM = US3S32SMV3;
				ENABLE_STRICT_OBJC_MSGSEND = YES;
				ENABLE_TESTABILITY = YES;
				ENABLE_USER_SCRIPT_SANDBOXING = YES;
				GCC_C_LANGUAGE_STANDARD = gnu17;
				GCC_DYNAMIC_NO_PIC = NO;
				GCC_NO_COMMON_BLOCKS = YES;
				GCC_OPTIMIZATION_LEVEL = 0;
				GCC_PREPROCESSOR_DEFINITIONS = (
					"DEBUG=1",
					"$(inherited)",
				);
				GCC_WARN_64_TO_32_BIT_CONVERSION = YES;
				GCC_WARN_ABOUT_RETURN_TYPE = YES_ERROR;
				GCC_WARN_UNDECLARED_SELECTOR = YES;
				GCC_WARN_UNINITIALIZED_AUTOS = YES_AGGRESSIVE;
				GCC_WARN_UNUSED_FUNCTION = YES;
				GCC_WARN_UNUSED_VARIABLE = YES;
				LOCALIZATION_PREFERS_STRING_CATALOGS = YES;
				MTL_ENABLE_DEBUG_INFO = INCLUDE_SOURCE;
				MTL_FAST_MATH = YES;
				ONLY_ACTIVE_ARCH = YES;
				SDKROOT = xros;
				SWIFT_ACTIVE_COMPILATION_CONDITIONS = "DEBUG $(inherited)";
				SWIFT_OPTIMIZATION_LEVEL = "-Onone";
				XROS_DEPLOYMENT_TARGET = 2.4;
			};
			name = Debug;
		};
		408AD4132DC9F5BE00A18DB6 /* Release */ = {
			isa = XCBuildConfiguration;
			buildSettings = {
				ALWAYS_SEARCH_USER_PATHS = NO;
				ASSETCATALOG_COMPILER_GENERATE_SWIFT_ASSET_SYMBOL_EXTENSIONS = YES;
				CLANG_ANALYZER_NONNULL = YES;
				CLANG_ANALYZER_NUMBER_OBJECT_CONVERSION = YES_AGGRESSIVE;
				CLANG_CXX_LANGUAGE_STANDARD = "gnu++20";
				CLANG_ENABLE_MODULES = YES;
				CLANG_ENABLE_OBJC_ARC = YES;
				CLANG_ENABLE_OBJC_WEAK = YES;
				CLANG_WARN_BLOCK_CAPTURE_AUTORELEASING = YES;
				CLANG_WARN_BOOL_CONVERSION = YES;
				CLANG_WARN_COMMA = YES;
				CLANG_WARN_CONSTANT_CONVERSION = YES;
				CLANG_WARN_DEPRECATED_OBJC_IMPLEMENTATIONS = YES;
				CLANG_WARN_DIRECT_OBJC_ISA_USAGE = YES_ERROR;
				CLANG_WARN_DOCUMENTATION_COMMENTS = YES;
				CLANG_WARN_EMPTY_BODY = YES;
				CLANG_WARN_ENUM_CONVERSION = YES;
				CLANG_WARN_INFINITE_RECURSION = YES;
				CLANG_WARN_INT_CONVERSION = YES;
				CLANG_WARN_NON_LITERAL_NULL_CONVERSION = YES;
				CLANG_WARN_OBJC_IMPLICIT_RETAIN_SELF = YES;
				CLANG_WARN_OBJC_LITERAL_CONVERSION = YES;
				CLANG_WARN_OBJC_ROOT_CLASS = YES_ERROR;
				CLANG_WARN_QUOTED_INCLUDE_IN_FRAMEWORK_HEADER = YES;
				CLANG_WARN_RANGE_LOOP_ANALYSIS = YES;
				CLANG_WARN_STRICT_PROTOTYPES = YES;
				CLANG_WARN_SUSPICIOUS_MOVE = YES;
				CLANG_WARN_UNGUARDED_AVAILABILITY = YES_AGGRESSIVE;
				CLANG_WARN_UNREACHABLE_CODE = YES;
				CLANG_WARN__DUPLICATE_METHOD_MATCH = YES;
				COPY_PHASE_STRIP = NO;
				DEBUG_INFORMATION_FORMAT = "dwarf-with-dsym";
				DEVELOPMENT_TEAM = US3S32SMV3;
				ENABLE_NS_ASSERTIONS = NO;
				ENABLE_STRICT_OBJC_MSGSEND = YES;
				ENABLE_USER_SCRIPT_SANDBOXING = YES;
				GCC_C_LANGUAGE_STANDARD = gnu17;
				GCC_NO_COMMON_BLOCKS = YES;
				GCC_WARN_64_TO_32_BIT_CONVERSION = YES;
				GCC_WARN_ABOUT_RETURN_TYPE = YES_ERROR;
				GCC_WARN_UNDECLARED_SELECTOR = YES;
				GCC_WARN_UNINITIALIZED_AUTOS = YES_AGGRESSIVE;
				GCC_WARN_UNUSED_FUNCTION = YES;
				GCC_WARN_UNUSED_VARIABLE = YES;
				LOCALIZATION_PREFERS_STRING_CATALOGS = YES;
				MTL_ENABLE_DEBUG_INFO = NO;
				MTL_FAST_MATH = YES;
				SDKROOT = xros;
				SWIFT_COMPILATION_MODE = wholemodule;
				VALIDATE_PRODUCT = YES;
				XROS_DEPLOYMENT_TARGET = 2.4;
			};
			name = Release;
		};
		408AD4152DC9F5BE00A18DB6 /* Debug */ = {
			isa = XCBuildConfiguration;
			buildSettings = {
				BUNDLE_LOADER = "$(TEST_HOST)";
				CODE_SIGN_STYLE = Automatic;
				CURRENT_PROJECT_VERSION = 1;
				DEVELOPMENT_TEAM = US3S32SMV3;
				GENERATE_INFOPLIST_FILE = YES;
				MARKETING_VERSION = 1.0;
				PRODUCT_BUNDLE_IDENTIFIER = com.kanunigames.mindscapesvrTests;
				PRODUCT_NAME = "$(TARGET_NAME)";
				SUPPORTED_PLATFORMS = "xros xrsimulator";
				SWIFT_EMIT_LOC_STRINGS = NO;
				SWIFT_VERSION = 5.0;
				TARGETED_DEVICE_FAMILY = 7;
				TEST_HOST = "$(BUILT_PRODUCTS_DIR)/mindscapesvr.app/$(BUNDLE_EXECUTABLE_FOLDER_PATH)/mindscapesvr";
				XROS_DEPLOYMENT_TARGET = 2.4;
			};
			name = Debug;
		};
		408AD4162DC9F5BE00A18DB6 /* Release */ = {
			isa = XCBuildConfiguration;
			buildSettings = {
				BUNDLE_LOADER = "$(TEST_HOST)";
				CODE_SIGN_STYLE = Automatic;
				CURRENT_PROJECT_VERSION = 1;
				DEVELOPMENT_TEAM = US3S32SMV3;
				GENERATE_INFOPLIST_FILE = YES;
				MARKETING_VERSION = 1.0;
				PRODUCT_BUNDLE_IDENTIFIER = com.kanunigames.mindscapesvrTests;
				PRODUCT_NAME = "$(TARGET_NAME)";
				SUPPORTED_PLATFORMS = "xros xrsimulator";
				SWIFT_EMIT_LOC_STRINGS = NO;
				SWIFT_VERSION = 5.0;
				TARGETED_DEVICE_FAMILY = 7;
				TEST_HOST = "$(BUILT_PRODUCTS_DIR)/mindscapesvr.app/$(BUNDLE_EXECUTABLE_FOLDER_PATH)/mindscapesvr";
				XROS_DEPLOYMENT_TARGET = 2.4;
			};
			name = Release;
		};
/* End XCBuildConfiguration section */

/* Begin XCConfigurationList section */
		408AD3F12DC9F5BC00A18DB6 /* Build configuration list for PBXProject "mindscapesvr" */ = {
			isa = XCConfigurationList;
			buildConfigurations = (
				408AD4122DC9F5BE00A18DB6 /* Debug */,
				408AD4132DC9F5BE00A18DB6 /* Release */,
			);
			defaultConfigurationIsVisible = 0;
			defaultConfigurationName = Release;
		};
		408AD40F2DC9F5BE00A18DB6 /* Build configuration list for PBXNativeTarget "mindscapesvr" */ = {
			isa = XCConfigurationList;
			buildConfigurations = (
				408AD4102DC9F5BE00A18DB6 /* Debug */,
				408AD4112DC9F5BE00A18DB6 /* Release */,
			);
			defaultConfigurationIsVisible = 0;
			defaultConfigurationName = Release;
		};
		408AD4142DC9F5BE00A18DB6 /* Build configuration list for PBXNativeTarget "mindscapesvrTests" */ = {
			isa = XCConfigurationList;
			buildConfigurations = (
				408AD4152DC9F5BE00A18DB6 /* Debug */,
				408AD4162DC9F5BE00A18DB6 /* Release */,
			);
			defaultConfigurationIsVisible = 0;
			defaultConfigurationName = Release;
		};
/* End XCConfigurationList section */

/* Begin XCSwiftPackageProductDependency section */
		408AD3FB2DC9F5BC00A18DB6 /* RealityKitContent */ = {
			isa = XCSwiftPackageProductDependency;
			productName = RealityKitContent;
		};
/* End XCSwiftPackageProductDependency section */
	};
	rootObject = 408AD3EE2DC9F5BC00A18DB6 /* Project object */;
}
